// !$*UTF8*$!
{
	archiveVersion = 1;
	classes = {
	};
	objectVersion = 46;
	objects = {

/* Begin PBXBuildFile section */
		836950B21C99F0000090B4AF /* RatingControl.swift in Sources */ = {isa = PBXBuildFile; fileRef = 836950B11C99F0000090B4AF /* RatingControl.swift */; };
		836950B41C9A168F0090B4AF /* Song.swift in Sources */ = {isa = PBXBuildFile; fileRef = 836950B31C9A168F0090B4AF /* Song.swift */; };
		83CE44361C87659D00B7FA5E /* AppDelegate.swift in Sources */ = {isa = PBXBuildFile; fileRef = 83CE44351C87659D00B7FA5E /* AppDelegate.swift */; };
		83CE44381C87659D00B7FA5E /* ViewController.swift in Sources */ = {isa = PBXBuildFile; fileRef = 83CE44371C87659D00B7FA5E /* ViewController.swift */; };
		83CE443B1C87659D00B7FA5E /* Main.storyboard in Resources */ = {isa = PBXBuildFile; fileRef = 83CE44391C87659D00B7FA5E /* Main.storyboard */; };
		83CE443D1C87659D00B7FA5E /* Assets.xcassets in Resources */ = {isa = PBXBuildFile; fileRef = 83CE443C1C87659D00B7FA5E /* Assets.xcassets */; };
		83CE44401C87659D00B7FA5E /* LaunchScreen.storyboard in Resources */ = {isa = PBXBuildFile; fileRef = 83CE443E1C87659D00B7FA5E /* LaunchScreen.storyboard */; };
/* End PBXBuildFile section */

/* Begin PBXFileReference section */
		836950B11C99F0000090B4AF /* RatingControl.swift */ = {isa = PBXFileReference; fileEncoding = 4; lastKnownFileType = sourcecode.swift; path = RatingControl.swift; sourceTree = "<group>"; };
		836950B31C9A168F0090B4AF /* Song.swift */ = {isa = PBXFileReference; fileEncoding = 4; lastKnownFileType = sourcecode.swift; path = Song.swift; sourceTree = "<group>"; };
		83CE44321C87659D00B7FA5E /* tutorial.app */ = {isa = PBXFileReference; explicitFileType = wrapper.application; includeInIndex = 0; path = tutorial.app; sourceTree = BUILT_PRODUCTS_DIR; };
		83CE44351C87659D00B7FA5E /* AppDelegate.swift */ = {isa = PBXFileReference; lastKnownFileType = sourcecode.swift; path = AppDelegate.swift; sourceTree = "<group>"; };
		83CE44371C87659D00B7FA5E /* ViewController.swift */ = {isa = PBXFileReference; lastKnownFileType = sourcecode.swift; path = ViewController.swift; sourceTree = "<group>"; };
		83CE443A1C87659D00B7FA5E /* Base */ = {isa = PBXFileReference; lastKnownFileType = file.storyboard; name = Base; path = Base.lproj/Main.storyboard; sourceTree = "<group>"; };
		83CE443C1C87659D00B7FA5E /* Assets.xcassets */ = {isa = PBXFileReference; lastKnownFileType = folder.assetcatalog; path = Assets.xcassets; sourceTree = "<group>"; };
		83CE443F1C87659D00B7FA5E /* Base */ = {isa = PBXFileReference; lastKnownFileType = file.storyboard; name = Base; path = Base.lproj/LaunchScreen.storyboard; sourceTree = "<group>"; };
		83CE44411C87659D00B7FA5E /* Info.plist */ = {isa = PBXFileReference; lastKnownFileType = text.plist.xml; path = Info.plist; sourceTree = "<group>"; };
/* End PBXFileReference section */

/* Begin PBXFrameworksBuildPhase section */
		83CE442F1C87659D00B7FA5E /* Frameworks */ = {
			isa = PBXFrameworksBuildPhase;
			buildActionMask = 2147483647;
			files = (
			);
			runOnlyForDeploymentPostprocessing = 0;
		};
/* End PBXFrameworksBuildPhase section */

/* Begin PBXGroup section */
		83CE44291C87659D00B7FA5E = {
			isa = PBXGroup;
			children = (
				83CE44341C87659D00B7FA5E /* tutorial */,
				83CE44331C87659D00B7FA5E /* Products */,
			);
			sourceTree = "<group>";
			usesTabs = 1;
		};
		83CE44331C87659D00B7FA5E /* Products */ = {
			isa = PBXGroup;
			children = (
				83CE44321C87659D00B7FA5E /* tutorial.app */,
			);
			name = Products;
			sourceTree = "<group>";
		};
		83CE44341C87659D00B7FA5E /* tutorial */ = {
			isa = PBXGroup;
			children = (
				83CE44351C87659D00B7FA5E /* AppDelegate.swift */,
				83CE44371C87659D00B7FA5E /* ViewController.swift */,
				83CE44391C87659D00B7FA5E /* Main.storyboard */,
				83CE443C1C87659D00B7FA5E /* Assets.xcassets */,
				836950B31C9A168F0090B4AF /* Song.swift */,
				836950B11C99F0000090B4AF /* RatingControl.swift */,
				83CE443E1C87659D00B7FA5E /* LaunchScreen.storyboard */,
				83CE44411C87659D00B7FA5E /* Info.plist */,
			);
			path = tutorial;
			sourceTree = "<group>";
		};
/* End PBXGroup section */

/* Begin PBXNativeTarget section */
		83CE44311C87659D00B7FA5E /* tutorial */ = {
			isa = PBXNativeTarget;
			buildConfigurationList = 83CE44441C87659D00B7FA5E /* Build configuration list for PBXNativeTarget "tutorial" */;
			buildPhases = (
				83CE442E1C87659D00B7FA5E /* Sources */,
				83CE442F1C87659D00B7FA5E /* Frameworks */,
				83CE44301C87659D00B7FA5E /* Resources */,
			);
			buildRules = (
			);
			dependencies = (
			);
			name = tutorial;
			productName = tutorial;
			productReference = 83CE44321C87659D00B7FA5E /* tutorial.app */;
			productType = "com.apple.product-type.application";
		};
/* End PBXNativeTarget section */

/* Begin PBXProject section */
		83CE442A1C87659D00B7FA5E /* Project object */ = {
			isa = PBXProject;
			attributes = {
				LastSwiftUpdateCheck = 0720;
				LastUpgradeCheck = 0720;
				ORGANIZATIONNAME = AleksandrBeliaev;
				TargetAttributes = {
					83CE44311C87659D00B7FA5E = {
						CreatedOnToolsVersion = 7.2.1;
					};
				};
			};
			buildConfigurationList = 83CE442D1C87659D00B7FA5E /* Build configuration list for PBXProject "tutorial" */;
			compatibilityVersion = "Xcode 3.2";
			developmentRegion = English;
			hasScannedForEncodings = 0;
			knownRegions = (
				en,
				Base,
			);
			mainGroup = 83CE44291C87659D00B7FA5E;
			productRefGroup = 83CE44331C87659D00B7FA5E /* Products */;
			projectDirPath = "";
			projectRoot = "";
			targets = (
				83CE44311C87659D00B7FA5E /* tutorial */,
			);
		};
/* End PBXProject section */

/* Begin PBXResourcesBuildPhase section */
		83CE44301C87659D00B7FA5E /* Resources */ = {
			isa = PBXResourcesBuildPhase;
			buildActionMask = 2147483647;
			files = (
				83CE44401C87659D00B7FA5E /* LaunchScreen.storyboard in Resources */,
				83CE443D1C87659D00B7FA5E /* Assets.xcassets in Resources */,
				83CE443B1C87659D00B7FA5E /* Main.storyboard in Resources */,
			);
			runOnlyForDeploymentPostprocessing = 0;
		};
/* End PBXResourcesBuildPhase section */

/* Begin PBXSourcesBuildPhase section */
		83CE442E1C87659D00B7FA5E /* Sources */ = {
			isa = PBXSourcesBuildPhase;
			buildActionMask = 2147483647;
			files = (
				836950B41C9A168F0090B4AF /* Song.swift in Sources */,
				83CE44381C87659D00B7FA5E /* ViewController.swift in Sources */,
				836950B21C99F0000090B4AF /* RatingControl.swift in Sources */,
				83CE44361C87659D00B7FA5E /* AppDelegate.swift in Sources */,
			);
			runOnlyForDeploymentPostprocessing = 0;
		};
/* End PBXSourcesBuildPhase section */

/* Begin PBXVariantGroup section */
		83CE44391C87659D00B7FA5E /* Main.storyboard */ = {
			isa = PBXVariantGroup;
			children = (
				83CE443A1C87659D00B7FA5E /* Base */,
			);
			name = Main.storyboard;
			sourceTree = "<group>";
		};
		83CE443E1C87659D00B7FA5E /* LaunchScreen.storyboard */ = {
			isa = PBXVariantGroup;
			children = (
				83CE443F1C87659D00B7FA5E /* Base */,
			);
			name = LaunchScreen.storyboard;
			sourceTree = "<group>";
		};
/* End PBXVariantGroup section */

/* Begin XCBuildConfiguration section */
		83CE44421C87659D00B7FA5E /* Debug */ = {
			isa = XCBuildConfiguration;
			buildSettings = {
				ALWAYS_SEARCH_USER_PATHS = NO;
				CLANG_CXX_LANGUAGE_STANDARD = "gnu++0x";
				CLANG_CXX_LIBRARY = "libc++";
				CLANG_ENABLE_MODULES = YES;
				CLANG_ENABLE_OBJC_ARC = YES;
				CLANG_WARN_BOOL_CONVERSION = YES;
				CLANG_WARN_CONSTANT_CONVERSION = YES;
				CLANG_WARN_DIRECT_OBJC_ISA_USAGE = YES_ERROR;
				CLANG_WARN_EMPTY_BODY = YES;
				CLANG_WARN_ENUM_CONVERSION = YES;
				CLANG_WARN_INT_CONVERSION = YES;
				CLANG_WARN_OBJC_ROOT_CLASS = YES_ERROR;
				CLANG_WARN_UNREACHABLE_CODE = YES;
				CLANG_WARN__DUPLICATE_METHOD_MATCH = YES;
				"CODE_SIGN_IDENTITY[sdk=iphoneos*]" = "iPhone Developer";
				COPY_PHASE_STRIP = NO;
				DEBUG_INFORMATION_FORMAT = dwarf;
				ENABLE_STRICT_OBJC_MSGSEND = YES;
				ENABLE_TESTABILITY = YES;
				GCC_C_LANGUAGE_STANDARD = gnu99;
				GCC_DYNAMIC_NO_PIC = NO;
				GCC_NO_COMMON_BLOCKS = YES;
				GCC_OPTIMIZATION_LEVEL = 0;
				GCC_PREPROCESSOR_DEFINITIONS = (
					"DEBUG=1",
					"$(inherited)",
				);
				GCC_WARN_64_TO_32_BIT_CONVERSION = YES;
				GCC_WARN_ABOUT_RETURN_TYPE = YES_ERROR;
				GCC_WARN_UNDECLARED_SELECTOR = YES;
				GCC_WARN_UNINITIALIZED_AUTOS = YES_AGGRESSIVE;
				GCC_WARN_UNUSED_FUNCTION = YES;
				GCC_WARN_UNUSED_VARIABLE = YES;
				IPHONEOS_DEPLOYMENT_TARGET = 9.2;
				MTL_ENABLE_DEBUG_INFO = YES;
				ONLY_ACTIVE_ARCH = YES;
				SDKROOT = iphoneos;
				SWIFT_OPTIMIZATION_LEVEL = "-Onone";
				TARGETED_DEVICE_FAMILY = "1,2";
			};
			name = Debug;
		};
		83CE44431C87659D00B7FA5E /* Release */ = {
			isa = XCBuildConfiguration;
			buildSettings = {
				ALWAYS_SEARCH_USER_PATHS = NO;
				CLANG_CXX_LANGUAGE_STANDARD = "gnu++0x";
				CLANG_CXX_LIBRARY = "libc++";
				CLANG_ENABLE_MODULES = YES;
				CLANG_ENABLE_OBJC_ARC = YES;
				CLANG_WARN_BOOL_CONVERSION = YES;
				CLANG_WARN_CONSTANT_CONVERSION = YES;
				CLANG_WARN_DIRECT_OBJC_ISA_USAGE = YES_ERROR;
				CLANG_WARN_EMPTY_BODY = YES;
				CLANG_WARN_ENUM_CONVERSION = YES;
				CLANG_WARN_INT_CONVERSION = YES;
				CLANG_WARN_OBJC_ROOT_CLASS = YES_ERROR;
				CLANG_WARN_UNREACHABLE_CODE = YES;
				CLANG_WARN__DUPLICATE_METHOD_MATCH = YES;
				"CODE_SIGN_IDENTITY[sdk=iphoneos*]" = "iPhone Developer";
				COPY_PHASE_STRIP = NO;
				DEBUG_INFORMATION_FORMAT = "dwarf-with-dsym";
				ENABLE_NS_ASSERTIONS = NO;
				ENABLE_STRICT_OBJC_MSGSEND = YES;
				GCC_C_LANGUAGE_STANDARD = gnu99;
				GCC_NO_COMMON_BLOCKS = YES;
				GCC_WARN_64_TO_32_BIT_CONVERSION = YES;
				GCC_WARN_ABOUT_RETURN_TYPE = YES_ERROR;
				GCC_WARN_UNDECLARED_SELECTOR = YES;
				GCC_WARN_UNINITIALIZED_AUTOS = YES_AGGRESSIVE;
				GCC_WARN_UNUSED_FUNCTION = YES;
				GCC_WARN_UNUSED_VARIABLE = YES;
				IPHONEOS_DEPLOYMENT_TARGET = 9.2;
				MTL_ENABLE_DEBUG_INFO = NO;
				SDKROOT = iphoneos;
				TARGETED_DEVICE_FAMILY = "1,2";
				VALIDATE_PRODUCT = YES;
			};
			name = Release;
		};
		83CE44451C87659D00B7FA5E /* Debug */ = {
			isa = XCBuildConfiguration;
			buildSettings = {
				ASSETCATALOG_COMPILER_APPICON_NAME = AppIcon;
				INFOPLIST_FILE = tutorial/Info.plist;
				LD_RUNPATH_SEARCH_PATHS = "$(inherited) @executable_path/Frameworks";
				PRODUCT_BUNDLE_IDENTIFIER = alex.tutorial;
				PRODUCT_NAME = "$(TARGET_NAME)";
			};
			name = Debug;
		};
		83CE44461C87659D00B7FA5E /* Release */ = {
			isa = XCBuildConfiguration;
			buildSettings = {
				ASSETCATALOG_COMPILER_APPICON_NAME = AppIcon;
				INFOPLIST_FILE = tutorial/Info.plist;
				LD_RUNPATH_SEARCH_PATHS = "$(inherited) @executable_path/Frameworks";
				PRODUCT_BUNDLE_IDENTIFIER = alex.tutorial;
				PRODUCT_NAME = "$(TARGET_NAME)";
			};
			name = Release;
		};
/* End XCBuildConfiguration section */

/* Begin XCConfigurationList section */
		83CE442D1C87659D00B7FA5E /* Build configuration list for PBXProject "tutorial" */ = {
			isa = XCConfigurationList;
			buildConfigurations = (
				83CE44421C87659D00B7FA5E /* Debug */,
				83CE44431C87659D00B7FA5E /* Release */,
			);
			defaultConfigurationIsVisible = 0;
			defaultConfigurationName = Release;
		};
		83CE44441C87659D00B7FA5E /* Build configuration list for PBXNativeTarget "tutorial" */ = {
			isa = XCConfigurationList;
			buildConfigurations = (
				83CE44451C87659D00B7FA5E /* Debug */,
				83CE44461C87659D00B7FA5E /* Release */,
			);
			defaultConfigurationIsVisible = 0;
			defaultConfigurationName = Release;
		};
/* End XCConfigurationList section */
	};
	rootObject = 83CE442A1C87659D00B7FA5E /* Project object */;
}
